{
  "name": "vue-vant-demo",
  "version": "0.1.0",
  "lockfileVersion": 1,
  "requires": true,
  "dependencies": {
    "soundmanager2": {
      "version": "2.97.20170602",
      "resolved": "https://registry.npmjs.org/soundmanager2/-/soundmanager2-2.97.20170602.tgz",
      "integrity": "sha512-2ee7ES9SJ++WkD7PGHMeT4QUuJr7uC3wacD6RoCDlKjdSp9lpEOaKm3lKWKld119DLILjS2l9U6xpXJN6U0KPQ=="
    }
  }
}
